
Microsoft Visual Studio Solution File, Format Version 12.00
# Visual Studio Version 17
VisualStudioVersion = 17.4.33122.133
MinimumVisualStudioVersion = 10.0.40219.1
Project("{FAE04EC0-301F-11D3-BF4B-00C04F79EFBC}") = "L00177784_Project", "L00177784_Project.csproj", "{4E4BA2FE-9543-41EB-9342-EB97668A77DC}"
EndProject
Project("{FAE04EC0-301F-11D3-BF4B-00C04F79EFBC}") = "L00177784_Project_FrontEnd", "..\L00177784_Project_FrontEnd\L00177784_Project_FrontEnd.csproj", "{A8323D99-6565-4653-822A-A409AC2B45C7}"
EndProject
Global
	GlobalSection(SolutionConfigurationPlatforms) = preSolution
		Debug|Any CPU = Debug|Any CPU
		Release|Any CPU = Release|Any CPU
	EndGlobalSection
	GlobalSection(ProjectConfigurationPlatforms) = postSolution
		{4E4BA2FE-9543-41EB-9342-EB97668A77DC}.Debug|Any CPU.ActiveCfg = Debug|Any CPU
		{4E4BA2FE-9543-41EB-9342-EB97668A77DC}.Debug|Any CPU.Build.0 = Debug|Any CPU
		{4E4BA2FE-9543-41EB-9342-EB97668A77DC}.Release|Any CPU.ActiveCfg = Release|Any CPU
		{4E4BA2FE-9543-41EB-9342-EB97668A77DC}.Release|Any CPU.Build.0 = Release|Any CPU
		{A8323D99-6565-4653-822A-A409AC2B45C7}.Debug|Any CPU.ActiveCfg = Debug|Any CPU
		{A8323D99-6565-4653-822A-A409AC2B45C7}.Debug|Any CPU.Build.0 = Debug|Any CPU
		{A8323D99-6565-4653-822A-A409AC2B45C7}.Release|Any CPU.ActiveCfg = Release|Any CPU
		{A8323D99-6565-4653-822A-A409AC2B45C7}.Release|Any CPU.Build.0 = Release|Any CPU
	EndGlobalSection
	GlobalSection(SolutionProperties) = preSolution
		HideSolutionNode = FALSE
	EndGlobalSection
	GlobalSection(ExtensibilityGlobals) = postSolution
		SolutionGuid = {4F0594B0-4A87-487A-8C3F-B9F317D75811}
	EndGlobalSection
EndGlobal
